
Microsoft Visual Studio Solution File, Format Version 12.00
# Visual Studio 2013
VisualStudioVersion = 12.0.21005.1
MinimumVisualStudioVersion = 10.0.40219.1
Project("{FAE04EC0-301F-11D3-BF4B-00C04F79EFBC}") = "ToDoTasks", "ToDoTasks\ToDoTasks.csproj", "{855B2B96-39B2-4595-999D-1979E72E0BF9}"
EndProject
Project("{FAE04EC0-301F-11D3-BF4B-00C04F79EFBC}") = "DTO", "DTO\DTO.csproj", "{5064E1BE-946A-4BAD-BCC7-3DF350B8AF76}"
EndProject
Project("{FAE04EC0-301F-11D3-BF4B-00C04F79EFBC}") = "DAO", "DAO\DAO.csproj", "{F220C595-0414-4698-897D-BA081B3A8BC4}"
EndProject
Project("{FAE04EC0-301F-11D3-BF4B-00C04F79EFBC}") = "API", "API\API.csproj", "{328554DB-0502-4C61-A60A-B77E936BDC71}"
EndProject
Global
	GlobalSection(SolutionConfigurationPlatforms) = preSolution
		Debug|Any CPU = Debug|Any CPU
		Release|Any CPU = Release|Any CPU
	EndGlobalSection
	GlobalSection(ProjectConfigurationPlatforms) = postSolution
		{855B2B96-39B2-4595-999D-1979E72E0BF9}.Debug|Any CPU.ActiveCfg = Debug|Any CPU
		{855B2B96-39B2-4595-999D-1979E72E0BF9}.Debug|Any CPU.Build.0 = Debug|Any CPU
		{855B2B96-39B2-4595-999D-1979E72E0BF9}.Release|Any CPU.ActiveCfg = Release|Any CPU
		{855B2B96-39B2-4595-999D-1979E72E0BF9}.Release|Any CPU.Build.0 = Release|Any CPU
		{5064E1BE-946A-4BAD-BCC7-3DF350B8AF76}.Debug|Any CPU.ActiveCfg = Debug|Any CPU
		{5064E1BE-946A-4BAD-BCC7-3DF350B8AF76}.Debug|Any CPU.Build.0 = Debug|Any CPU
		{5064E1BE-946A-4BAD-BCC7-3DF350B8AF76}.Release|Any CPU.ActiveCfg = Release|Any CPU
		{5064E1BE-946A-4BAD-BCC7-3DF350B8AF76}.Release|Any CPU.Build.0 = Release|Any CPU
		{F220C595-0414-4698-897D-BA081B3A8BC4}.Debug|Any CPU.ActiveCfg = Debug|Any CPU
		{F220C595-0414-4698-897D-BA081B3A8BC4}.Debug|Any CPU.Build.0 = Debug|Any CPU
		{F220C595-0414-4698-897D-BA081B3A8BC4}.Release|Any CPU.ActiveCfg = Release|Any CPU
		{F220C595-0414-4698-897D-BA081B3A8BC4}.Release|Any CPU.Build.0 = Release|Any CPU
		{328554DB-0502-4C61-A60A-B77E936BDC71}.Debug|Any CPU.ActiveCfg = Debug|Any CPU
		{328554DB-0502-4C61-A60A-B77E936BDC71}.Debug|Any CPU.Build.0 = Debug|Any CPU
		{328554DB-0502-4C61-A60A-B77E936BDC71}.Release|Any CPU.ActiveCfg = Release|Any CPU
		{328554DB-0502-4C61-A60A-B77E936BDC71}.Release|Any CPU.Build.0 = Release|Any CPU
	EndGlobalSection
	GlobalSection(SolutionProperties) = preSolution
		HideSolutionNode = FALSE
	EndGlobalSection
EndGlobal
